
Microsoft Visual Studio Solution File, Format Version 12.00
# Visual Studio Version 16
VisualStudioVersion = 16.0.31205.134
MinimumVisualStudioVersion = 10.0.40219.1
Project("{8BC9CEB8-8B4A-11D0-8D11-00A0C91BC942}") = "Homework 4 Reference parameter", "28-05-2021.vcxproj", "{9F0E86FE-14DF-4CAE-982D-0C9A781DA346}"
EndProject
Project("{8BC9CEB8-8B4A-11D0-8D11-00A0C91BC942}") = "UnitTest1", "UnitTest1\UnitTest1.vcxproj", "{328FBC91-EDC8-45FF-BF8A-7DC9F10B1374}"
EndProject
Global
	GlobalSection(SolutionConfigurationPlatforms) = preSolution
		Debug|x64 = Debug|x64
		Debug|x86 = Debug|x86
		Release|x64 = Release|x64
		Release|x86 = Release|x86
	EndGlobalSection
	GlobalSection(ProjectConfigurationPlatforms) = postSolution
		{9F0E86FE-14DF-4CAE-982D-0C9A781DA346}.Debug|x64.ActiveCfg = Debug|x64
		{9F0E86FE-14DF-4CAE-982D-0C9A781DA346}.Debug|x64.Build.0 = Debug|x64
		{9F0E86FE-14DF-4CAE-982D-0C9A781DA346}.Debug|x86.ActiveCfg = Debug|Win32
		{9F0E86FE-14DF-4CAE-982D-0C9A781DA346}.Debug|x86.Build.0 = Debug|Win32
		{9F0E86FE-14DF-4CAE-982D-0C9A781DA346}.Release|x64.ActiveCfg = Release|x64
		{9F0E86FE-14DF-4CAE-982D-0C9A781DA346}.Release|x64.Build.0 = Release|x64
		{9F0E86FE-14DF-4CAE-982D-0C9A781DA346}.Release|x86.ActiveCfg = Release|Win32
		{9F0E86FE-14DF-4CAE-982D-0C9A781DA346}.Release|x86.Build.0 = Release|Win32
		{328FBC91-EDC8-45FF-BF8A-7DC9F10B1374}.Debug|x64.ActiveCfg = Debug|x64
		{328FBC91-EDC8-45FF-BF8A-7DC9F10B1374}.Debug|x64.Build.0 = Debug|x64
		{328FBC91-EDC8-45FF-BF8A-7DC9F10B1374}.Debug|x86.ActiveCfg = Debug|Win32
		{328FBC91-EDC8-45FF-BF8A-7DC9F10B1374}.Debug|x86.Build.0 = Debug|Win32
		{328FBC91-EDC8-45FF-BF8A-7DC9F10B1374}.Release|x64.ActiveCfg = Release|x64
		{328FBC91-EDC8-45FF-BF8A-7DC9F10B1374}.Release|x64.Build.0 = Release|x64
		{328FBC91-EDC8-45FF-BF8A-7DC9F10B1374}.Release|x86.ActiveCfg = Release|Win32
		{328FBC91-EDC8-45FF-BF8A-7DC9F10B1374}.Release|x86.Build.0 = Release|Win32
	EndGlobalSection
	GlobalSection(SolutionProperties) = preSolution
		HideSolutionNode = FALSE
	EndGlobalSection
	GlobalSection(ExtensibilityGlobals) = postSolution
		SolutionGuid = {D3F84FF4-D4D7-4A73-92F1-3A1B74D89E29}
	EndGlobalSection
EndGlobal
