
Microsoft Visual Studio Solution File, Format Version 12.00
# Visual Studio Version 16
VisualStudioVersion = 16.0.31313.79
MinimumVisualStudioVersion = 10.0.40219.1
Project("{8BC9CEB8-8B4A-11D0-8D11-00A0C91BC942}") = "ListaDoble", "ConsoleApplication4\ConsoleApplication4.vcxproj", "{BC7AFCF8-E33E-4A66-8DD4-DB66B4FAA5EB}"
EndProject
Project("{8BC9CEB8-8B4A-11D0-8D11-00A0C91BC942}") = "UnitTest", "UnitTest\UnitTest.vcxproj", "{C6740824-B714-427A-A322-DAA92C0880D1}"
EndProject
Global
	GlobalSection(SolutionConfigurationPlatforms) = preSolution
		Debug|x64 = Debug|x64
		Debug|x86 = Debug|x86
		Release|x64 = Release|x64
		Release|x86 = Release|x86
	EndGlobalSection
	GlobalSection(ProjectConfigurationPlatforms) = postSolution
		{BC7AFCF8-E33E-4A66-8DD4-DB66B4FAA5EB}.Debug|x64.ActiveCfg = Debug|x64
		{BC7AFCF8-E33E-4A66-8DD4-DB66B4FAA5EB}.Debug|x64.Build.0 = Debug|x64
		{BC7AFCF8-E33E-4A66-8DD4-DB66B4FAA5EB}.Debug|x86.ActiveCfg = Debug|Win32
		{BC7AFCF8-E33E-4A66-8DD4-DB66B4FAA5EB}.Debug|x86.Build.0 = Debug|Win32
		{BC7AFCF8-E33E-4A66-8DD4-DB66B4FAA5EB}.Release|x64.ActiveCfg = Release|x64
		{BC7AFCF8-E33E-4A66-8DD4-DB66B4FAA5EB}.Release|x64.Build.0 = Release|x64
		{BC7AFCF8-E33E-4A66-8DD4-DB66B4FAA5EB}.Release|x86.ActiveCfg = Release|Win32
		{BC7AFCF8-E33E-4A66-8DD4-DB66B4FAA5EB}.Release|x86.Build.0 = Release|Win32
		{C6740824-B714-427A-A322-DAA92C0880D1}.Debug|x64.ActiveCfg = Debug|x64
		{C6740824-B714-427A-A322-DAA92C0880D1}.Debug|x64.Build.0 = Debug|x64
		{C6740824-B714-427A-A322-DAA92C0880D1}.Debug|x86.ActiveCfg = Debug|Win32
		{C6740824-B714-427A-A322-DAA92C0880D1}.Debug|x86.Build.0 = Debug|Win32
		{C6740824-B714-427A-A322-DAA92C0880D1}.Release|x64.ActiveCfg = Release|x64
		{C6740824-B714-427A-A322-DAA92C0880D1}.Release|x64.Build.0 = Release|x64
		{C6740824-B714-427A-A322-DAA92C0880D1}.Release|x86.ActiveCfg = Release|Win32
		{C6740824-B714-427A-A322-DAA92C0880D1}.Release|x86.Build.0 = Release|Win32
	EndGlobalSection
	GlobalSection(SolutionProperties) = preSolution
		HideSolutionNode = FALSE
	EndGlobalSection
	GlobalSection(ExtensibilityGlobals) = postSolution
		SolutionGuid = {87218E92-662C-4147-9C11-A8DF46E24185}
	EndGlobalSection
EndGlobal
