
Microsoft Visual Studio Solution File, Format Version 12.00
# Visual Studio Version 16
VisualStudioVersion = 16.0.31313.79
MinimumVisualStudioVersion = 10.0.40219.1
Project("{8BC9CEB8-8B4A-11D0-8D11-00A0C91BC942}") = "EjercicioClase", "EjercicioClase\EjercicioClase.vcxproj", "{89E2CE34-7751-4503-A66B-7F308F596591}"
EndProject
Project("{2150E333-8FDC-42A3-9474-1A3956D46DE8}") = "Solution Items", "Solution Items", "{21FE662B-A734-4CC5-AF64-E7DA77495CBF}"
EndProject
Global
	GlobalSection(SolutionConfigurationPlatforms) = preSolution
		Debug|x64 = Debug|x64
		Debug|x86 = Debug|x86
		Release|x64 = Release|x64
		Release|x86 = Release|x86
	EndGlobalSection
	GlobalSection(ProjectConfigurationPlatforms) = postSolution
		{89E2CE34-7751-4503-A66B-7F308F596591}.Debug|x64.ActiveCfg = Debug|x64
		{89E2CE34-7751-4503-A66B-7F308F596591}.Debug|x64.Build.0 = Debug|x64
		{89E2CE34-7751-4503-A66B-7F308F596591}.Debug|x86.ActiveCfg = Debug|Win32
		{89E2CE34-7751-4503-A66B-7F308F596591}.Debug|x86.Build.0 = Debug|Win32
		{89E2CE34-7751-4503-A66B-7F308F596591}.Release|x64.ActiveCfg = Release|x64
		{89E2CE34-7751-4503-A66B-7F308F596591}.Release|x64.Build.0 = Release|x64
		{89E2CE34-7751-4503-A66B-7F308F596591}.Release|x86.ActiveCfg = Release|Win32
		{89E2CE34-7751-4503-A66B-7F308F596591}.Release|x86.Build.0 = Release|Win32
	EndGlobalSection
	GlobalSection(SolutionProperties) = preSolution
		HideSolutionNode = FALSE
	EndGlobalSection
	GlobalSection(ExtensibilityGlobals) = postSolution
		SolutionGuid = {BE8198A0-ECCE-43C5-B408-499D8DE2E14E}
	EndGlobalSection
EndGlobal
